
Microsoft Visual Studio Solution File, Format Version 12.00
# Visual Studio Version 17
VisualStudioVersion = 17.3.32901.215
MinimumVisualStudioVersion = 10.0.40219.1
Project("{9A19103F-16F7-4668-BE54-9A1E7A4F7556}") = "BlazorAppTest.Server", "BlazorAppTest\Server\BlazorAppTest.Server.csproj", "{8EAB55D9-5FF1-4D21-853E-29A94569B824}"
EndProject
Project("{9A19103F-16F7-4668-BE54-9A1E7A4F7556}") = "BlazorAppTest.Client", "BlazorAppTest\Client\BlazorAppTest.Client.csproj", "{6D8F66F3-D237-4284-8354-0741ABCC1FE9}"
EndProject
Project("{9A19103F-16F7-4668-BE54-9A1E7A4F7556}") = "BlazorAppTest.Shared", "BlazorAppTest\Shared\BlazorAppTest.Shared.csproj", "{CF3DA6FF-5F39-40F2-9FCE-D7EB8AC2B3DB}"
EndProject
Global
	GlobalSection(SolutionConfigurationPlatforms) = preSolution
		Debug|Any CPU = Debug|Any CPU
		Release|Any CPU = Release|Any CPU
	EndGlobalSection
	GlobalSection(ProjectConfigurationPlatforms) = postSolution
		{8EAB55D9-5FF1-4D21-853E-29A94569B824}.Debug|Any CPU.ActiveCfg = Debug|Any CPU
		{8EAB55D9-5FF1-4D21-853E-29A94569B824}.Debug|Any CPU.Build.0 = Debug|Any CPU
		{8EAB55D9-5FF1-4D21-853E-29A94569B824}.Release|Any CPU.ActiveCfg = Release|Any CPU
		{8EAB55D9-5FF1-4D21-853E-29A94569B824}.Release|Any CPU.Build.0 = Release|Any CPU
		{6D8F66F3-D237-4284-8354-0741ABCC1FE9}.Debug|Any CPU.ActiveCfg = Debug|Any CPU
		{6D8F66F3-D237-4284-8354-0741ABCC1FE9}.Debug|Any CPU.Build.0 = Debug|Any CPU
		{6D8F66F3-D237-4284-8354-0741ABCC1FE9}.Release|Any CPU.ActiveCfg = Release|Any CPU
		{6D8F66F3-D237-4284-8354-0741ABCC1FE9}.Release|Any CPU.Build.0 = Release|Any CPU
		{CF3DA6FF-5F39-40F2-9FCE-D7EB8AC2B3DB}.Debug|Any CPU.ActiveCfg = Debug|Any CPU
		{CF3DA6FF-5F39-40F2-9FCE-D7EB8AC2B3DB}.Debug|Any CPU.Build.0 = Debug|Any CPU
		{CF3DA6FF-5F39-40F2-9FCE-D7EB8AC2B3DB}.Release|Any CPU.ActiveCfg = Release|Any CPU
		{CF3DA6FF-5F39-40F2-9FCE-D7EB8AC2B3DB}.Release|Any CPU.Build.0 = Release|Any CPU
	EndGlobalSection
	GlobalSection(SolutionProperties) = preSolution
		HideSolutionNode = FALSE
	EndGlobalSection
	GlobalSection(ExtensibilityGlobals) = postSolution
		SolutionGuid = {7758FE66-5597-4A18-944B-8DBDBC583D60}
	EndGlobalSection
EndGlobal
